
Microsoft Visual Studio Solution File, Format Version 11.00
# Visual Studio 2010
Project("{2150E333-8FDC-42A3-9474-1A3956D46DE8}") = "Control", "Control", "{5480F6E5-43CB-420D-B64E-549873088602}"
EndProject
Project("{FAE04EC0-301F-11D3-BF4B-00C04F79EFBC}") = "BLL", "BLL\BLL.csproj", "{AE805124-3D88-4AE5-A1E7-5A5A595A298E}"
EndProject
Project("{FAE04EC0-301F-11D3-BF4B-00C04F79EFBC}") = "DALFactory", "DALFactory\DALFactory.csproj", "{FBAE3210-40A6-44D3-ACEF-5881D8F4A6CD}"
EndProject
Project("{FAE04EC0-301F-11D3-BF4B-00C04F79EFBC}") = "DBUtility", "DBUtility\DBUtility.csproj", "{87B51A22-242C-4FD8-AB60-A12160EEC06A}"
EndProject
Project("{FAE04EC0-301F-11D3-BF4B-00C04F79EFBC}") = "IDAL", "IDAL\IDAL.csproj", "{E1445288-68F8-4556-A82E-25CFE6B30195}"
EndProject
Project("{FAE04EC0-301F-11D3-BF4B-00C04F79EFBC}") = "Model", "Model\Model.csproj", "{1FF5B08D-74A0-452D-A8A2-2534D985F8BE}"
EndProject
Project("{FAE04EC0-301F-11D3-BF4B-00C04F79EFBC}") = "SQLServerDAL", "SQLServer\SQLServerDAL.csproj", "{9AA6B962-0628-4C0D-A4EA-54A244C32136}"
EndProject
Project("{FAE04EC0-301F-11D3-BF4B-00C04F79EFBC}") = "Utility", "Utility\Utility.csproj", "{F7F501C2-90EB-41A5-9CC8-1A847AADC4BA}"
EndProject
Project("{FAE04EC0-301F-11D3-BF4B-00C04F79EFBC}") = "Medical.Web", "Medical.Web\Medical.Web.csproj", "{8C83B2CC-810C-4333-95C8-FB9F64CD8F45}"
EndProject
Project("{FAE04EC0-301F-11D3-BF4B-00C04F79EFBC}") = "Localization", "Localization\Localization.csproj", "{E1A3F418-E830-4DE0-9E97-E1AF6EB9BA6F}"
EndProject
Project("{FAE04EC0-301F-11D3-BF4B-00C04F79EFBC}") = "WebControls", "WebControls\WebControls.csproj", "{3730383F-7316-411B-88B8-F3AED0F35D16}"
EndProject
Project("{FAE04EC0-301F-11D3-BF4B-00C04F79EFBC}") = "AjaxDataControls", "AjaxDataControls\AjaxDataControls.csproj", "{7CE3E98F-F386-4007-8C24-EFD1719708CC}"
EndProject
Project("{2150E333-8FDC-42A3-9474-1A3956D46DE8}") = "Modules", "Modules", "{6FF4E9D2-50F6-4FE6-A77B-987E2DB5FFD5}"
EndProject
Project("{2150E333-8FDC-42A3-9474-1A3956D46DE8}") = "Library", "Library", "{D4B93F12-61A6-4BDE-BDD9-97DBE1B9F8E4}"
EndProject
Project("{2150E333-8FDC-42A3-9474-1A3956D46DE8}") = "Core", "Core", "{A36FA4C7-B118-4F7F-915D-18ED55EBF3CC}"
EndProject
Project("{2150E333-8FDC-42A3-9474-1A3956D46DE8}") = "Controller", "Controller", "{29133223-E20B-4987-90BB-3330E1E5ED04}"
EndProject
Global
	GlobalSection(SolutionConfigurationPlatforms) = preSolution
		Debug|Any CPU = Debug|Any CPU
		Debug|x86 = Debug|x86
		Release|Any CPU = Release|Any CPU
		Release|x86 = Release|x86
		Test|Any CPU = Test|Any CPU
		Test|x86 = Test|x86
	EndGlobalSection
	GlobalSection(ProjectConfigurationPlatforms) = postSolution
		{AE805124-3D88-4AE5-A1E7-5A5A595A298E}.Debug|Any CPU.ActiveCfg = Debug|Any CPU
		{AE805124-3D88-4AE5-A1E7-5A5A595A298E}.Debug|Any CPU.Build.0 = Debug|Any CPU
		{AE805124-3D88-4AE5-A1E7-5A5A595A298E}.Debug|x86.ActiveCfg = Debug|x86
		{AE805124-3D88-4AE5-A1E7-5A5A595A298E}.Debug|x86.Build.0 = Debug|x86
		{AE805124-3D88-4AE5-A1E7-5A5A595A298E}.Release|Any CPU.ActiveCfg = Release|Any CPU
		{AE805124-3D88-4AE5-A1E7-5A5A595A298E}.Release|Any CPU.Build.0 = Release|Any CPU
		{AE805124-3D88-4AE5-A1E7-5A5A595A298E}.Release|x86.ActiveCfg = Release|x86
		{AE805124-3D88-4AE5-A1E7-5A5A595A298E}.Release|x86.Build.0 = Release|x86
		{AE805124-3D88-4AE5-A1E7-5A5A595A298E}.Test|Any CPU.ActiveCfg = Release|Any CPU
		{AE805124-3D88-4AE5-A1E7-5A5A595A298E}.Test|Any CPU.Build.0 = Release|Any CPU
		{AE805124-3D88-4AE5-A1E7-5A5A595A298E}.Test|x86.ActiveCfg = Release|x86
		{AE805124-3D88-4AE5-A1E7-5A5A595A298E}.Test|x86.Build.0 = Release|x86
		{FBAE3210-40A6-44D3-ACEF-5881D8F4A6CD}.Debug|Any CPU.ActiveCfg = Debug|Any CPU
		{FBAE3210-40A6-44D3-ACEF-5881D8F4A6CD}.Debug|Any CPU.Build.0 = Debug|Any CPU
		{FBAE3210-40A6-44D3-ACEF-5881D8F4A6CD}.Debug|x86.ActiveCfg = Debug|x86
		{FBAE3210-40A6-44D3-ACEF-5881D8F4A6CD}.Debug|x86.Build.0 = Debug|x86
		{FBAE3210-40A6-44D3-ACEF-5881D8F4A6CD}.Release|Any CPU.ActiveCfg = Release|Any CPU
		{FBAE3210-40A6-44D3-ACEF-5881D8F4A6CD}.Release|Any CPU.Build.0 = Release|Any CPU
		{FBAE3210-40A6-44D3-ACEF-5881D8F4A6CD}.Release|x86.ActiveCfg = Release|x86
		{FBAE3210-40A6-44D3-ACEF-5881D8F4A6CD}.Release|x86.Build.0 = Release|x86
		{FBAE3210-40A6-44D3-ACEF-5881D8F4A6CD}.Test|Any CPU.ActiveCfg = Release|Any CPU
		{FBAE3210-40A6-44D3-ACEF-5881D8F4A6CD}.Test|Any CPU.Build.0 = Release|Any CPU
		{FBAE3210-40A6-44D3-ACEF-5881D8F4A6CD}.Test|x86.ActiveCfg = Release|x86
		{FBAE3210-40A6-44D3-ACEF-5881D8F4A6CD}.Test|x86.Build.0 = Release|x86
		{87B51A22-242C-4FD8-AB60-A12160EEC06A}.Debug|Any CPU.ActiveCfg = Debug|Any CPU
		{87B51A22-242C-4FD8-AB60-A12160EEC06A}.Debug|Any CPU.Build.0 = Debug|Any CPU
		{87B51A22-242C-4FD8-AB60-A12160EEC06A}.Debug|x86.ActiveCfg = Debug|x86
		{87B51A22-242C-4FD8-AB60-A12160EEC06A}.Debug|x86.Build.0 = Debug|x86
		{87B51A22-242C-4FD8-AB60-A12160EEC06A}.Release|Any CPU.ActiveCfg = Release|Any CPU
		{87B51A22-242C-4FD8-AB60-A12160EEC06A}.Release|Any CPU.Build.0 = Release|Any CPU
		{87B51A22-242C-4FD8-AB60-A12160EEC06A}.Release|x86.ActiveCfg = Release|x86
		{87B51A22-242C-4FD8-AB60-A12160EEC06A}.Release|x86.Build.0 = Release|x86
		{87B51A22-242C-4FD8-AB60-A12160EEC06A}.Test|Any CPU.ActiveCfg = Release|Any CPU
		{87B51A22-242C-4FD8-AB60-A12160EEC06A}.Test|Any CPU.Build.0 = Release|Any CPU
		{87B51A22-242C-4FD8-AB60-A12160EEC06A}.Test|x86.ActiveCfg = Release|x86
		{87B51A22-242C-4FD8-AB60-A12160EEC06A}.Test|x86.Build.0 = Release|x86
		{E1445288-68F8-4556-A82E-25CFE6B30195}.Debug|Any CPU.ActiveCfg = Debug|Any CPU
		{E1445288-68F8-4556-A82E-25CFE6B30195}.Debug|Any CPU.Build.0 = Debug|Any CPU
		{E1445288-68F8-4556-A82E-25CFE6B30195}.Debug|x86.ActiveCfg = Debug|x86
		{E1445288-68F8-4556-A82E-25CFE6B30195}.Debug|x86.Build.0 = Debug|x86
		{E1445288-68F8-4556-A82E-25CFE6B30195}.Release|Any CPU.ActiveCfg = Release|Any CPU
		{E1445288-68F8-4556-A82E-25CFE6B30195}.Release|Any CPU.Build.0 = Release|Any CPU
		{E1445288-68F8-4556-A82E-25CFE6B30195}.Release|x86.ActiveCfg = Release|x86
		{E1445288-68F8-4556-A82E-25CFE6B30195}.Release|x86.Build.0 = Release|x86
		{E1445288-68F8-4556-A82E-25CFE6B30195}.Test|Any CPU.ActiveCfg = Release|Any CPU
		{E1445288-68F8-4556-A82E-25CFE6B30195}.Test|Any CPU.Build.0 = Release|Any CPU
		{E1445288-68F8-4556-A82E-25CFE6B30195}.Test|x86.ActiveCfg = Release|x86
		{E1445288-68F8-4556-A82E-25CFE6B30195}.Test|x86.Build.0 = Release|x86
		{1FF5B08D-74A0-452D-A8A2-2534D985F8BE}.Debug|Any CPU.ActiveCfg = Debug|Any CPU
		{1FF5B08D-74A0-452D-A8A2-2534D985F8BE}.Debug|Any CPU.Build.0 = Debug|Any CPU
		{1FF5B08D-74A0-452D-A8A2-2534D985F8BE}.Debug|x86.ActiveCfg = Debug|x86
		{1FF5B08D-74A0-452D-A8A2-2534D985F8BE}.Debug|x86.Build.0 = Debug|x86
		{1FF5B08D-74A0-452D-A8A2-2534D985F8BE}.Release|Any CPU.ActiveCfg = Release|Any CPU
		{1FF5B08D-74A0-452D-A8A2-2534D985F8BE}.Release|Any CPU.Build.0 = Release|Any CPU
		{1FF5B08D-74A0-452D-A8A2-2534D985F8BE}.Release|x86.ActiveCfg = Release|x86
		{1FF5B08D-74A0-452D-A8A2-2534D985F8BE}.Release|x86.Build.0 = Release|x86
		{1FF5B08D-74A0-452D-A8A2-2534D985F8BE}.Test|Any CPU.ActiveCfg = Release|Any CPU
		{1FF5B08D-74A0-452D-A8A2-2534D985F8BE}.Test|Any CPU.Build.0 = Release|Any CPU
		{1FF5B08D-74A0-452D-A8A2-2534D985F8BE}.Test|x86.ActiveCfg = Release|x86
		{1FF5B08D-74A0-452D-A8A2-2534D985F8BE}.Test|x86.Build.0 = Release|x86
		{9AA6B962-0628-4C0D-A4EA-54A244C32136}.Debug|Any CPU.ActiveCfg = Debug|Any CPU
		{9AA6B962-0628-4C0D-A4EA-54A244C32136}.Debug|Any CPU.Build.0 = Debug|Any CPU
		{9AA6B962-0628-4C0D-A4EA-54A244C32136}.Debug|x86.ActiveCfg = Debug|x86
		{9AA6B962-0628-4C0D-A4EA-54A244C32136}.Debug|x86.Build.0 = Debug|x86
		{9AA6B962-0628-4C0D-A4EA-54A244C32136}.Release|Any CPU.ActiveCfg = Release|Any CPU
		{9AA6B962-0628-4C0D-A4EA-54A244C32136}.Release|Any CPU.Build.0 = Release|Any CPU
		{9AA6B962-0628-4C0D-A4EA-54A244C32136}.Release|x86.ActiveCfg = Release|x86
		{9AA6B962-0628-4C0D-A4EA-54A244C32136}.Release|x86.Build.0 = Release|x86
		{9AA6B962-0628-4C0D-A4EA-54A244C32136}.Test|Any CPU.ActiveCfg = Release|Any CPU
		{9AA6B962-0628-4C0D-A4EA-54A244C32136}.Test|Any CPU.Build.0 = Release|Any CPU
		{9AA6B962-0628-4C0D-A4EA-54A244C32136}.Test|x86.ActiveCfg = Release|x86
		{9AA6B962-0628-4C0D-A4EA-54A244C32136}.Test|x86.Build.0 = Release|x86
		{F7F501C2-90EB-41A5-9CC8-1A847AADC4BA}.Debug|Any CPU.ActiveCfg = Debug|Any CPU
		{F7F501C2-90EB-41A5-9CC8-1A847AADC4BA}.Debug|Any CPU.Build.0 = Debug|Any CPU
		{F7F501C2-90EB-41A5-9CC8-1A847AADC4BA}.Debug|x86.ActiveCfg = Debug|x86
		{F7F501C2-90EB-41A5-9CC8-1A847AADC4BA}.Debug|x86.Build.0 = Debug|x86
		{F7F501C2-90EB-41A5-9CC8-1A847AADC4BA}.Release|Any CPU.ActiveCfg = Release|Any CPU
		{F7F501C2-90EB-41A5-9CC8-1A847AADC4BA}.Release|Any CPU.Build.0 = Release|Any CPU
		{F7F501C2-90EB-41A5-9CC8-1A847AADC4BA}.Release|x86.ActiveCfg = Release|x86
		{F7F501C2-90EB-41A5-9CC8-1A847AADC4BA}.Release|x86.Build.0 = Release|x86
		{F7F501C2-90EB-41A5-9CC8-1A847AADC4BA}.Test|Any CPU.ActiveCfg = Release|Any CPU
		{F7F501C2-90EB-41A5-9CC8-1A847AADC4BA}.Test|Any CPU.Build.0 = Release|Any CPU
		{F7F501C2-90EB-41A5-9CC8-1A847AADC4BA}.Test|x86.ActiveCfg = Release|x86
		{F7F501C2-90EB-41A5-9CC8-1A847AADC4BA}.Test|x86.Build.0 = Release|x86
		{8C83B2CC-810C-4333-95C8-FB9F64CD8F45}.Debug|Any CPU.ActiveCfg = Debug|Any CPU
		{8C83B2CC-810C-4333-95C8-FB9F64CD8F45}.Debug|Any CPU.Build.0 = Debug|Any CPU
		{8C83B2CC-810C-4333-95C8-FB9F64CD8F45}.Debug|x86.ActiveCfg = Debug|Any CPU
		{8C83B2CC-810C-4333-95C8-FB9F64CD8F45}.Release|Any CPU.ActiveCfg = Release|Any CPU
		{8C83B2CC-810C-4333-95C8-FB9F64CD8F45}.Release|Any CPU.Build.0 = Release|Any CPU
		{8C83B2CC-810C-4333-95C8-FB9F64CD8F45}.Release|x86.ActiveCfg = Release|Any CPU
		{8C83B2CC-810C-4333-95C8-FB9F64CD8F45}.Test|Any CPU.ActiveCfg = Release|Any CPU
		{8C83B2CC-810C-4333-95C8-FB9F64CD8F45}.Test|Any CPU.Build.0 = Release|Any CPU
		{8C83B2CC-810C-4333-95C8-FB9F64CD8F45}.Test|x86.ActiveCfg = Release|Any CPU
		{E1A3F418-E830-4DE0-9E97-E1AF6EB9BA6F}.Debug|Any CPU.ActiveCfg = Debug|Any CPU
		{E1A3F418-E830-4DE0-9E97-E1AF6EB9BA6F}.Debug|Any CPU.Build.0 = Debug|Any CPU
		{E1A3F418-E830-4DE0-9E97-E1AF6EB9BA6F}.Debug|x86.ActiveCfg = Debug|Any CPU
		{E1A3F418-E830-4DE0-9E97-E1AF6EB9BA6F}.Release|Any CPU.ActiveCfg = Release|Any CPU
		{E1A3F418-E830-4DE0-9E97-E1AF6EB9BA6F}.Release|Any CPU.Build.0 = Release|Any CPU
		{E1A3F418-E830-4DE0-9E97-E1AF6EB9BA6F}.Release|x86.ActiveCfg = Release|Any CPU
		{E1A3F418-E830-4DE0-9E97-E1AF6EB9BA6F}.Test|Any CPU.ActiveCfg = Test|Any CPU
		{E1A3F418-E830-4DE0-9E97-E1AF6EB9BA6F}.Test|Any CPU.Build.0 = Test|Any CPU
		{E1A3F418-E830-4DE0-9E97-E1AF6EB9BA6F}.Test|x86.ActiveCfg = Test|Any CPU
		{3730383F-7316-411B-88B8-F3AED0F35D16}.Debug|Any CPU.ActiveCfg = Debug|Any CPU
		{3730383F-7316-411B-88B8-F3AED0F35D16}.Debug|Any CPU.Build.0 = Debug|Any CPU
		{3730383F-7316-411B-88B8-F3AED0F35D16}.Debug|x86.ActiveCfg = Debug|Any CPU
		{3730383F-7316-411B-88B8-F3AED0F35D16}.Release|Any CPU.ActiveCfg = Release|Any CPU
		{3730383F-7316-411B-88B8-F3AED0F35D16}.Release|Any CPU.Build.0 = Release|Any CPU
		{3730383F-7316-411B-88B8-F3AED0F35D16}.Release|x86.ActiveCfg = Release|Any CPU
		{3730383F-7316-411B-88B8-F3AED0F35D16}.Test|Any CPU.ActiveCfg = Release|Any CPU
		{3730383F-7316-411B-88B8-F3AED0F35D16}.Test|Any CPU.Build.0 = Release|Any CPU
		{3730383F-7316-411B-88B8-F3AED0F35D16}.Test|x86.ActiveCfg = Release|Any CPU
		{7CE3E98F-F386-4007-8C24-EFD1719708CC}.Debug|Any CPU.ActiveCfg = Debug|Any CPU
		{7CE3E98F-F386-4007-8C24-EFD1719708CC}.Debug|Any CPU.Build.0 = Debug|Any CPU
		{7CE3E98F-F386-4007-8C24-EFD1719708CC}.Debug|x86.ActiveCfg = Debug|Any CPU
		{7CE3E98F-F386-4007-8C24-EFD1719708CC}.Release|Any CPU.ActiveCfg = Release|Any CPU
		{7CE3E98F-F386-4007-8C24-EFD1719708CC}.Release|Any CPU.Build.0 = Release|Any CPU
		{7CE3E98F-F386-4007-8C24-EFD1719708CC}.Release|x86.ActiveCfg = Release|Any CPU
		{7CE3E98F-F386-4007-8C24-EFD1719708CC}.Test|Any CPU.ActiveCfg = Release|Any CPU
		{7CE3E98F-F386-4007-8C24-EFD1719708CC}.Test|Any CPU.Build.0 = Release|Any CPU
		{7CE3E98F-F386-4007-8C24-EFD1719708CC}.Test|x86.ActiveCfg = Release|Any CPU
	EndGlobalSection
	GlobalSection(SolutionProperties) = preSolution
		HideSolutionNode = FALSE
	EndGlobalSection
	GlobalSection(NestedProjects) = preSolution
		{3730383F-7316-411B-88B8-F3AED0F35D16} = {5480F6E5-43CB-420D-B64E-549873088602}
		{7CE3E98F-F386-4007-8C24-EFD1719708CC} = {5480F6E5-43CB-420D-B64E-549873088602}
		{1FF5B08D-74A0-452D-A8A2-2534D985F8BE} = {6FF4E9D2-50F6-4FE6-A77B-987E2DB5FFD5}
		{6FF4E9D2-50F6-4FE6-A77B-987E2DB5FFD5} = {D4B93F12-61A6-4BDE-BDD9-97DBE1B9F8E4}
		{A36FA4C7-B118-4F7F-915D-18ED55EBF3CC} = {D4B93F12-61A6-4BDE-BDD9-97DBE1B9F8E4}
		{29133223-E20B-4987-90BB-3330E1E5ED04} = {D4B93F12-61A6-4BDE-BDD9-97DBE1B9F8E4}
		{FBAE3210-40A6-44D3-ACEF-5881D8F4A6CD} = {A36FA4C7-B118-4F7F-915D-18ED55EBF3CC}
		{87B51A22-242C-4FD8-AB60-A12160EEC06A} = {A36FA4C7-B118-4F7F-915D-18ED55EBF3CC}
		{E1445288-68F8-4556-A82E-25CFE6B30195} = {A36FA4C7-B118-4F7F-915D-18ED55EBF3CC}
		{9AA6B962-0628-4C0D-A4EA-54A244C32136} = {A36FA4C7-B118-4F7F-915D-18ED55EBF3CC}
		{AE805124-3D88-4AE5-A1E7-5A5A595A298E} = {29133223-E20B-4987-90BB-3330E1E5ED04}
		{E1A3F418-E830-4DE0-9E97-E1AF6EB9BA6F} = {29133223-E20B-4987-90BB-3330E1E5ED04}
		{F7F501C2-90EB-41A5-9CC8-1A847AADC4BA} = {29133223-E20B-4987-90BB-3330E1E5ED04}
	EndGlobalSection
EndGlobal
